{
  "originHash" : "c3e61c81b0ec2cc4986af13e83c7e71bd3f4b91a5ee6c936154483bcb88808fd",
  "pins" : [
    {
      "identity" : "appsflyerframework-dynamic",
      "kind" : "remoteSourceControl",
      "location" : "https://github.com/AppsFlyerSDK/AppsFlyerFramework-Dynamic",
      "state" : {
        "revision" : "30ea879ef6e2c070944ae804a0a062388e478321",
        "version" : "6.17.1"
      }
    },
    {
      "identity" : "onesignal-ios-sdk",
      "kind" : "remoteSourceControl",
      "location" : "https://github.com/OneSignal/OneSignal-iOS-SDK",
      "state" : {
        "revision" : "d1a45fd5e791fa0889bb89368e0f6c08350e6b8f",
        "version" : "5.2.8"
      }
    }
  ],
  "version" : 3
}
